<?xml version="1.0" encoding="UTF-8"?>
<Scheme
   LastUpgradeVersion = "1620"
   version = "1.7">
   <BuildAction
      parallelizeBuildables = "YES"
      buildImplicitDependencies = "YES">
      <PreActions>
         <ExecutionAction
            ActionType = "Xcode.IDEStandardExecutionActionsCore.ExecutionActionType.ShellScriptAction">
            <ActionContent
               title = "Run Script"
               scriptText = "set -euo pipefail&#10;PROJECT_ROOT=&quot;${PROJECT_DIR}/..&quot;&#10;export NPM_CONFIG_PRODUCTION=false&#10;cd &quot;$PROJECT_ROOT&quot;&#10;&#10;# Install if missing or empty&#10;if [ ! -d node_modules ] || [ -z &quot;$(ls -A node_modules 2&gt;/dev/null)&quot; ]; then&#10;  echo &quot;&#x2699;&#xfe0f; Installing npm deps&#x2026;&quot;&#10;  if [ -f package-lock.json ]; then&#10;    npm ci --no-audit --no-fund&#10;  else&#10;    npm install --no-audit --no-fund&#10;  fi&#10;fi&#10;&#10;# Hard check for the headers that fail on CI&#10;test -f node_modules/react-native-worklets-core/ios/Worklets.h&#10;test -d node_modules/react-native-worklets-core/cpp&#10;echo &quot;&#x2705; worklets-core headers present&quot;&#10;"
               shellToInvoke = "make sure builds worklets">
               <EnvironmentBuildable>
                  <BuildableReference
                     BuildableIdentifier = "primary"
                     BlueprintIdentifier = "13B07F861A680F5B00A75B9A"
                     BuildableName = "CurrencyCamera.app"
                     BlueprintName = "CurrencyCamera"
                     ReferencedContainer = "container:CurrencyCamera.xcodeproj">
                  </BuildableReference>
               </EnvironmentBuildable>
            </ActionContent>
         </ExecutionAction>
      </PreActions>
      <BuildActionEntries>
         <BuildActionEntry
            buildForTesting = "YES"
            buildForRunning = "YES"
            buildForProfiling = "YES"
            buildForArchiving = "YES"
            buildForAnalyzing = "YES">
            <BuildableReference
               BuildableIdentifier = "primary"
               BlueprintIdentifier = "13B07F861A680F5B00A75B9A"
               BuildableName = "CurrencyCamera.app"
               BlueprintName = "CurrencyCamera"
               ReferencedContainer = "container:CurrencyCamera.xcodeproj">
            </BuildableReference>
         </BuildActionEntry>
      </BuildActionEntries>
   </BuildAction>
   <TestAction
      buildConfiguration = "Debug"
      selectedDebuggerIdentifier = "Xcode.DebuggerFoundation.Debugger.LLDB"
      selectedLauncherIdentifier = "Xcode.DebuggerFoundation.Launcher.LLDB"
      shouldUseLaunchSchemeArgsEnv = "YES">
      <Testables>
         <TestableReference
            skipped = "NO">
            <BuildableReference
               BuildableIdentifier = "primary"
               BlueprintIdentifier = "00E356ED1AD99517003FC87E"
               BuildableName = "CurrencyCameraTests.xctest"
               BlueprintName = "CurrencyCameraTests"
               ReferencedContainer = "container:CurrencyCamera.xcodeproj">
            </BuildableReference>
         </TestableReference>
      </Testables>
   </TestAction>
   <LaunchAction
      buildConfiguration = "Debug"
      selectedDebuggerIdentifier = "Xcode.DebuggerFoundation.Debugger.LLDB"
      selectedLauncherIdentifier = "Xcode.DebuggerFoundation.Launcher.LLDB"
      launchStyle = "0"
      useCustomWorkingDirectory = "NO"
      ignoresPersistentStateOnLaunch = "NO"
      debugDocumentVersioning = "YES"
      debugServiceExtension = "internal"
      allowLocationSimulation = "YES">
      <BuildableProductRunnable
         runnableDebuggingMode = "0">
         <BuildableReference
            BuildableIdentifier = "primary"
            BlueprintIdentifier = "13B07F861A680F5B00A75B9A"
            BuildableName = "CurrencyCamera.app"
            BlueprintName = "CurrencyCamera"
            ReferencedContainer = "container:CurrencyCamera.xcodeproj">
         </BuildableReference>
      </BuildableProductRunnable>
   </LaunchAction>
   <ProfileAction
      buildConfiguration = "Release"
      shouldUseLaunchSchemeArgsEnv = "YES"
      savedToolIdentifier = ""
      useCustomWorkingDirectory = "NO"
      debugDocumentVersioning = "YES">
      <BuildableProductRunnable
         runnableDebuggingMode = "0">
         <BuildableReference
            BuildableIdentifier = "primary"
            BlueprintIdentifier = "13B07F861A680F5B00A75B9A"
            BuildableName = "CurrencyCamera.app"
            BlueprintName = "CurrencyCamera"
            ReferencedContainer = "container:CurrencyCamera.xcodeproj">
         </BuildableReference>
      </BuildableProductRunnable>
   </ProfileAction>
   <AnalyzeAction
      buildConfiguration = "Debug">
   </AnalyzeAction>
   <ArchiveAction
      buildConfiguration = "Release"
      revealArchiveInOrganizer = "YES">
      <PreActions>
         <ExecutionAction
            ActionType = "Xcode.IDEStandardExecutionActionsCore.ExecutionActionType.ShellScriptAction">
            <ActionContent
               title = "Run Script"
               scriptText = "/bin/bash -lc &apos;&#10;set -euxo pipefail&#10;&#10;# workspace root (one level above ios/)&#10;PROJECT_ROOT=&quot;${PROJECT_DIR}/..&quot;&#10;cd &quot;$PROJECT_ROOT&quot;&#10;&#10;# see what we have&#10;whoami; which node; node -v; which npm; npm -v&#10;&#10;# install ALL deps (incl dev) because some native libs are miscategorized&#10;export NPM_CONFIG_PRODUCTION=false&#10;&#10;if [ ! -d node_modules ] || [ -z &quot;$(ls -A node_modules 2&gt;/dev/null)&quot; ]; then&#10;  echo &quot;&#x2699;&#xfe0f; Installing npm deps&#x2026;&quot;&#10;  if [ -f package-lock.json ]; then&#10;    npm ci --no-audit --no-fund&#10;  else&#10;    npm install --no-audit --no-fund&#10;  fi&#10;else&#10;  echo &quot;&#x2705; node_modules already present&quot;&#10;fi&#10;&#10;# hard checks for the files Xcode Cloud kept missing&#10;test -f node_modules/react-native-worklets-core/ios/Worklets.h&#10;test -d node_modules/react-native-worklets-core/cpp&#10;&#10;echo &quot;&#x2705; worklets-core headers present&quot;&#10;&apos;&#10;">
               <EnvironmentBuildable>
                  <BuildableReference
                     BuildableIdentifier = "primary"
                     BlueprintIdentifier = "13B07F861A680F5B00A75B9A"
                     BuildableName = "CurrencyCamera.app"
                     BlueprintName = "CurrencyCamera"
                     ReferencedContainer = "container:CurrencyCamera.xcodeproj">
                  </BuildableReference>
               </EnvironmentBuildable>
            </ActionContent>
         </ExecutionAction>
      </PreActions>
   </ArchiveAction>
</Scheme>
